
Microsoft Visual Studio Solution File, Format Version 12.00
# Visual Studio Version 16
VisualStudioVersion = 16.0.29001.49
MinimumVisualStudioVersion = 10.0.40219.1
Project("{FAE04EC0-301F-11D3-BF4B-00C04F79EFBC}") = "DDNRevitAddins", "DDNRevitAddins\DDNRevitAddins.csproj", "{A1DD2A95-A7D9-465C-B41A-CD5865436BCF}"
EndProject
Project("{FAE04EC0-301F-11D3-BF4B-00C04F79EFBC}") = "DDNGeneralLibrary", "DDNGeneralLibrary\DDNGeneralLibrary.csproj", "{AB1D27ED-4274-4B42-93A0-2B2A8D0BEF36}"
EndProject
Project("{FAE04EC0-301F-11D3-BF4B-00C04F79EFBC}") = "DDNRevitAddinInstaller", "DDNRevitAddinInstaller\DDNRevitAddinInstaller.csproj", "{102EA3F4-DA93-4BC7-A903-4CEC604046EF}"
EndProject
Global
	GlobalSection(SolutionConfigurationPlatforms) = preSolution
		Debug|Any CPU = Debug|Any CPU
		Debug|x64 = Debug|x64
		Release|Any CPU = Release|Any CPU
		Release|x64 = Release|x64
	EndGlobalSection
	GlobalSection(ProjectConfigurationPlatforms) = postSolution
		{A1DD2A95-A7D9-465C-B41A-CD5865436BCF}.Debug|Any CPU.ActiveCfg = Debug|x64
		{A1DD2A95-A7D9-465C-B41A-CD5865436BCF}.Debug|Any CPU.Build.0 = Debug|x64
		{A1DD2A95-A7D9-465C-B41A-CD5865436BCF}.Debug|x64.ActiveCfg = Debug|x64
		{A1DD2A95-A7D9-465C-B41A-CD5865436BCF}.Debug|x64.Build.0 = Debug|x64
		{A1DD2A95-A7D9-465C-B41A-CD5865436BCF}.Release|Any CPU.ActiveCfg = Release|Any CPU
		{A1DD2A95-A7D9-465C-B41A-CD5865436BCF}.Release|Any CPU.Build.0 = Release|Any CPU
		{A1DD2A95-A7D9-465C-B41A-CD5865436BCF}.Release|x64.ActiveCfg = Release|x64
		{A1DD2A95-A7D9-465C-B41A-CD5865436BCF}.Release|x64.Build.0 = Release|x64
		{AB1D27ED-4274-4B42-93A0-2B2A8D0BEF36}.Debug|Any CPU.ActiveCfg = Debug|x64
		{AB1D27ED-4274-4B42-93A0-2B2A8D0BEF36}.Debug|Any CPU.Build.0 = Debug|x64
		{AB1D27ED-4274-4B42-93A0-2B2A8D0BEF36}.Debug|x64.ActiveCfg = Debug|Any CPU
		{AB1D27ED-4274-4B42-93A0-2B2A8D0BEF36}.Debug|x64.Build.0 = Debug|Any CPU
		{AB1D27ED-4274-4B42-93A0-2B2A8D0BEF36}.Release|Any CPU.ActiveCfg = Release|Any CPU
		{AB1D27ED-4274-4B42-93A0-2B2A8D0BEF36}.Release|Any CPU.Build.0 = Release|Any CPU
		{AB1D27ED-4274-4B42-93A0-2B2A8D0BEF36}.Release|x64.ActiveCfg = Release|x64
		{AB1D27ED-4274-4B42-93A0-2B2A8D0BEF36}.Release|x64.Build.0 = Release|x64
		{102EA3F4-DA93-4BC7-A903-4CEC604046EF}.Debug|Any CPU.ActiveCfg = Debug|x64
		{102EA3F4-DA93-4BC7-A903-4CEC604046EF}.Debug|Any CPU.Build.0 = Debug|x64
		{102EA3F4-DA93-4BC7-A903-4CEC604046EF}.Debug|x64.ActiveCfg = Debug|x64
		{102EA3F4-DA93-4BC7-A903-4CEC604046EF}.Debug|x64.Build.0 = Debug|x64
		{102EA3F4-DA93-4BC7-A903-4CEC604046EF}.Release|Any CPU.ActiveCfg = Release|Any CPU
		{102EA3F4-DA93-4BC7-A903-4CEC604046EF}.Release|Any CPU.Build.0 = Release|Any CPU
		{102EA3F4-DA93-4BC7-A903-4CEC604046EF}.Release|x64.ActiveCfg = Release|x64
		{102EA3F4-DA93-4BC7-A903-4CEC604046EF}.Release|x64.Build.0 = Release|x64
	EndGlobalSection
	GlobalSection(SolutionProperties) = preSolution
		HideSolutionNode = FALSE
	EndGlobalSection
	GlobalSection(ExtensibilityGlobals) = postSolution
		SolutionGuid = {A30D233F-F85C-4E70-8D4E-1F597A0CBA6E}
	EndGlobalSection
EndGlobal
